# generated by rye
# use `rye lock` or `rye sync` to update this lockfile
#
# last locked with the following flags:
#   pre: false
#   features: []
#   all-features: true
#   with-sources: false
#   generate-hashes: false
#   universal: false

-e file:.
aiohappyeyeballs==2.3.7
    # via aiohttp
aiohttp==3.10.4
    # via datasets
    # via fsspec
aiosignal==1.3.1
    # via aiohttp
attrs==24.2.0
    # via aiohttp
babel==2.16.0
    # via mkdocs-material
certifi==2024.7.4
    # via requests
charset-normalizer==3.3.2
    # via requests
click==8.1.7
    # via mkdocs
    # via mkdocstrings
colorama==0.4.6
    # via griffe
    # via mkdocs-material
coverage==7.6.1
    # via pytest-cov
datasets==2.21.0
dill==0.3.8
    # via datasets
    # via multiprocess
filelock==3.15.4
    # via datasets
    # via huggingface-hub
frozenlist==1.4.1
    # via aiohttp
    # via aiosignal
fsspec==2024.6.1
    # via datasets
    # via huggingface-hub
ghp-import==2.1.0
    # via mkdocs
griffe==0.49.0
    # via mkdocstrings-python
huggingface-hub==0.24.5
    # via datasets
idna==3.7
    # via requests
    # via yarl
iniconfig==2.0.0
    # via pytest
jinja2==3.1.4
    # via mkdocs
    # via mkdocs-material
    # via mkdocstrings
markdown==3.6
    # via mkdocs
    # via mkdocs-autorefs
    # via mkdocs-material
    # via mkdocstrings
    # via pymdown-extensions
markupsafe==2.1.5
    # via jinja2
    # via mkdocs
    # via mkdocs-autorefs
    # via mkdocstrings
mergedeep==1.3.4
    # via mkdocs
    # via mkdocs-get-deps
mkdocs==1.6.0
    # via mkdocs-autorefs
    # via mkdocs-material
    # via mkdocstrings
mkdocs-autorefs==1.0.1
    # via mkdocstrings
mkdocs-get-deps==0.2.0
    # via mkdocs
mkdocs-material==9.5.31
mkdocs-material-extensions==1.3.1
    # via mkdocs-material
mkdocstrings==0.25.2
    # via mkdocstrings-python
mkdocstrings-python==1.10.8
    # via mkdocstrings
multidict==6.0.5
    # via aiohttp
    # via yarl
multiprocess==0.70.16
    # via datasets
mypy==1.11.1
mypy-extensions==1.0.0
    # via mypy
numpy==2.1.0
    # via datasets
    # via pandas
    # via pyarrow
packaging==24.1
    # via datasets
    # via huggingface-hub
    # via mkdocs
    # via pytest
paginate==0.5.6
    # via mkdocs-material
pandas==2.2.2
    # via datasets
pathspec==0.12.1
    # via mkdocs
platformdirs==4.2.2
    # via mkdocs-get-deps
    # via mkdocstrings
pluggy==1.5.0
    # via pytest
pyarrow==17.0.0
    # via datasets
pygments==2.18.0
    # via mkdocs-material
pymdown-extensions==10.9
    # via mkdocs-material
    # via mkdocstrings
pytest==8.3.2
    # via pytest-cov
pytest-cov==5.0.0
python-dateutil==2.9.0.post0
    # via ghp-import
    # via pandas
pytz==2024.1
    # via pandas
pyyaml==6.0.2
    # via datasets
    # via huggingface-hub
    # via mkdocs
    # via mkdocs-get-deps
    # via pymdown-extensions
    # via pyyaml-env-tag
pyyaml-env-tag==0.1
    # via mkdocs
regex==2024.7.24
    # via mkdocs-material
    # via project-llm
requests==2.32.3
    # via datasets
    # via huggingface-hub
    # via mkdocs-material
ruff==0.6.0
six==1.16.0
    # via python-dateutil
tqdm==4.66.5
    # via datasets
    # via huggingface-hub
typing-extensions==4.12.2
    # via huggingface-hub
    # via mypy
tzdata==2024.1
    # via pandas
urllib3==2.2.2
    # via requests
watchdog==4.0.2
    # via mkdocs
xxhash==3.5.0
    # via datasets
yarl==1.9.4
    # via aiohttp
